Microsoft Visual Studio Solution File, Format Version 12.00
Project("{FAE04EC0-301F-11D3-BF4B-00C04F79EFBC}") = "DevDecoder.DynamicXml", "DevDecoder.DynamicXml\DevDecoder.DynamicXml.csproj", "{3721707B-6F10-456D-A237-8C3F5A317C41}"
EndProject
Project("{FAE04EC0-301F-11D3-BF4B-00C04F79EFBC}") = "DevDecoder.DynamicXml.Test", "DevDecoder.DynamicXml.Test\DevDecoder.DynamicXml.Test.csproj", "{12B3491E-16C1-4F9F-A312-9870770A2669}"
EndProject
Project("{2150E333-8FDC-42A3-9474-1A3956D46DE8}") = "Non-project", "Non-project", "{12BF507A-1CF9-4342-9BEE-15AE2A16267D}"
	ProjectSection(SolutionItems) = preProject
		LICENSE = LICENSE
		README.md = README.md
	EndProjectSection
EndProject
Global
	GlobalSection(SolutionConfigurationPlatforms) = preSolution
		Debug|Any CPU = Debug|Any CPU
		Release|Any CPU = Release|Any CPU
	EndGlobalSection
	GlobalSection(ProjectConfigurationPlatforms) = postSolution
		{3721707B-6F10-456D-A237-8C3F5A317C41}.Debug|Any CPU.ActiveCfg = Debug|Any CPU
		{3721707B-6F10-456D-A237-8C3F5A317C41}.Debug|Any CPU.Build.0 = Debug|Any CPU
		{3721707B-6F10-456D-A237-8C3F5A317C41}.Release|Any CPU.ActiveCfg = Release|Any CPU
		{3721707B-6F10-456D-A237-8C3F5A317C41}.Release|Any CPU.Build.0 = Release|Any CPU
		{12B3491E-16C1-4F9F-A312-9870770A2669}.Debug|Any CPU.ActiveCfg = Debug|Any CPU
		{12B3491E-16C1-4F9F-A312-9870770A2669}.Debug|Any CPU.Build.0 = Debug|Any CPU
		{12B3491E-16C1-4F9F-A312-9870770A2669}.Release|Any CPU.ActiveCfg = Release|Any CPU
		{12B3491E-16C1-4F9F-A312-9870770A2669}.Release|Any CPU.Build.0 = Release|Any CPU
	EndGlobalSection
EndGlobal
